
Microsoft Visual Studio Solution File, Format Version 12.00
# Visual Studio Version 16
VisualStudioVersion = 16.0.30804.86
MinimumVisualStudioVersion = 10.0.40219.1
Project("{FAE04EC0-301F-11D3-BF4B-00C04F79EFBC}") = "DspTrarck", "DspTrarck\DspTrarck.csproj", "{94C20022-B363-4EF9-9FA1-C463EB513DDD}"
EndProject
Global
	GlobalSection(SolutionConfigurationPlatforms) = preSolution
		Debug|Any CPU = Debug|Any CPU
		Release|Any CPU = Release|Any CPU
	EndGlobalSection
	GlobalSection(ProjectConfigurationPlatforms) = postSolution
		{94C20022-B363-4EF9-9FA1-C463EB513DDD}.Debug|Any CPU.ActiveCfg = Debug|Any CPU
		{94C20022-B363-4EF9-9FA1-C463EB513DDD}.Debug|Any CPU.Build.0 = Debug|Any CPU
		{94C20022-B363-4EF9-9FA1-C463EB513DDD}.Release|Any CPU.ActiveCfg = Release|Any CPU
		{94C20022-B363-4EF9-9FA1-C463EB513DDD}.Release|Any CPU.Build.0 = Release|Any CPU
	EndGlobalSection
	GlobalSection(SolutionProperties) = preSolution
		HideSolutionNode = FALSE
	EndGlobalSection
	GlobalSection(ExtensibilityGlobals) = postSolution
		SolutionGuid = {86398D09-669E-45AE-875A-8D6C405E2CD1}
	EndGlobalSection
EndGlobal
